
Microsoft Visual Studio Solution File, Format Version 12.00
# Visual Studio Version 17
VisualStudioVersion = 17.14.36623.8 d17.14
MinimumVisualStudioVersion = 10.0.40219.1
Project("{FAE04EC0-301F-11D3-BF4B-00C04F79EFBC}") = "RemoveDuplicated", "RemoveDuplicated.csproj", "{F8E24E9F-5085-4D83-BA6A-7660E5C0A99F}"
EndProject
Global
	GlobalSection(SolutionConfigurationPlatforms) = preSolution
		Debug|Any CPU = Debug|Any CPU
		Release|Any CPU = Release|Any CPU
	EndGlobalSection
	GlobalSection(ProjectConfigurationPlatforms) = postSolution
		{F8E24E9F-5085-4D83-BA6A-7660E5C0A99F}.Debug|Any CPU.ActiveCfg = Debug|Any CPU
		{F8E24E9F-5085-4D83-BA6A-7660E5C0A99F}.Debug|Any CPU.Build.0 = Debug|Any CPU
		{F8E24E9F-5085-4D83-BA6A-7660E5C0A99F}.Release|Any CPU.ActiveCfg = Release|Any CPU
		{F8E24E9F-5085-4D83-BA6A-7660E5C0A99F}.Release|Any CPU.Build.0 = Release|Any CPU
	EndGlobalSection
	GlobalSection(SolutionProperties) = preSolution
		HideSolutionNode = FALSE
	EndGlobalSection
	GlobalSection(ExtensibilityGlobals) = postSolution
		SolutionGuid = {51CF7C05-D348-4333-91A4-FAECCEDE60C4}
	EndGlobalSection
EndGlobal
