
Microsoft Visual Studio Solution File, Format Version 12.00
# Visual Studio Version 17
VisualStudioVersion = 17.14.36623.8 d17.14
MinimumVisualStudioVersion = 10.0.40219.1
Project("{FAE04EC0-301F-11D3-BF4B-00C04F79EFBC}") = "Estoque", "Estoque.csproj", "{225FBCA9-F559-4897-9034-8307C239ED1D}"
EndProject
Global
	GlobalSection(SolutionConfigurationPlatforms) = preSolution
		Debug|Any CPU = Debug|Any CPU
		Release|Any CPU = Release|Any CPU
	EndGlobalSection
	GlobalSection(ProjectConfigurationPlatforms) = postSolution
		{225FBCA9-F559-4897-9034-8307C239ED1D}.Debug|Any CPU.ActiveCfg = Debug|Any CPU
		{225FBCA9-F559-4897-9034-8307C239ED1D}.Debug|Any CPU.Build.0 = Debug|Any CPU
		{225FBCA9-F559-4897-9034-8307C239ED1D}.Release|Any CPU.ActiveCfg = Release|Any CPU
		{225FBCA9-F559-4897-9034-8307C239ED1D}.Release|Any CPU.Build.0 = Release|Any CPU
	EndGlobalSection
	GlobalSection(SolutionProperties) = preSolution
		HideSolutionNode = FALSE
	EndGlobalSection
	GlobalSection(ExtensibilityGlobals) = postSolution
		SolutionGuid = {4AB35D71-2C42-467F-B9B6-423CA029FFFB}
	EndGlobalSection
EndGlobal
