
Microsoft Visual Studio Solution File, Format Version 12.00
# Visual Studio Version 17
VisualStudioVersion = 17.14.36623.8 d17.14
MinimumVisualStudioVersion = 10.0.40219.1
Project("{FAE04EC0-301F-11D3-BF4B-00C04F79EFBC}") = "Factorial", "Factorial.csproj", "{63EB086E-BD99-4273-85DA-342495688C6D}"
EndProject
Global
	GlobalSection(SolutionConfigurationPlatforms) = preSolution
		Debug|Any CPU = Debug|Any CPU
		Release|Any CPU = Release|Any CPU
	EndGlobalSection
	GlobalSection(ProjectConfigurationPlatforms) = postSolution
		{63EB086E-BD99-4273-85DA-342495688C6D}.Debug|Any CPU.ActiveCfg = Debug|Any CPU
		{63EB086E-BD99-4273-85DA-342495688C6D}.Debug|Any CPU.Build.0 = Debug|Any CPU
		{63EB086E-BD99-4273-85DA-342495688C6D}.Release|Any CPU.ActiveCfg = Release|Any CPU
		{63EB086E-BD99-4273-85DA-342495688C6D}.Release|Any CPU.Build.0 = Release|Any CPU
	EndGlobalSection
	GlobalSection(SolutionProperties) = preSolution
		HideSolutionNode = FALSE
	EndGlobalSection
	GlobalSection(ExtensibilityGlobals) = postSolution
		SolutionGuid = {CD382E19-34B8-417D-9A28-A87E4453E0AA}
	EndGlobalSection
EndGlobal
