
Microsoft Visual Studio Solution File, Format Version 12.00
# Visual Studio Version 17
VisualStudioVersion = 17.14.36623.8 d17.14
MinimumVisualStudioVersion = 10.0.40219.1
Project("{FAE04EC0-301F-11D3-BF4B-00C04F79EFBC}") = "WriteStream", "WriteStream.csproj", "{2587E8A7-9BED-43B3-AB6C-A335F3CEEAAB}"
EndProject
Global
	GlobalSection(SolutionConfigurationPlatforms) = preSolution
		Debug|Any CPU = Debug|Any CPU
		Release|Any CPU = Release|Any CPU
	EndGlobalSection
	GlobalSection(ProjectConfigurationPlatforms) = postSolution
		{2587E8A7-9BED-43B3-AB6C-A335F3CEEAAB}.Debug|Any CPU.ActiveCfg = Debug|Any CPU
		{2587E8A7-9BED-43B3-AB6C-A335F3CEEAAB}.Debug|Any CPU.Build.0 = Debug|Any CPU
		{2587E8A7-9BED-43B3-AB6C-A335F3CEEAAB}.Release|Any CPU.ActiveCfg = Release|Any CPU
		{2587E8A7-9BED-43B3-AB6C-A335F3CEEAAB}.Release|Any CPU.Build.0 = Release|Any CPU
	EndGlobalSection
	GlobalSection(SolutionProperties) = preSolution
		HideSolutionNode = FALSE
	EndGlobalSection
	GlobalSection(ExtensibilityGlobals) = postSolution
		SolutionGuid = {D64CDCAA-54C9-4205-AE26-87804C593014}
	EndGlobalSection
EndGlobal
