
Microsoft Visual Studio Solution File, Format Version 12.00
# Visual Studio Version 17
VisualStudioVersion = 17.14.36623.8 d17.14
MinimumVisualStudioVersion = 10.0.40219.1
Project("{FAE04EC0-301F-11D3-BF4B-00C04F79EFBC}") = "Classes", "Classes.csproj", "{A7C4D6AB-B87A-4A4A-AE44-9FF469056594}"
EndProject
Global
	GlobalSection(SolutionConfigurationPlatforms) = preSolution
		Debug|Any CPU = Debug|Any CPU
		Release|Any CPU = Release|Any CPU
	EndGlobalSection
	GlobalSection(ProjectConfigurationPlatforms) = postSolution
		{A7C4D6AB-B87A-4A4A-AE44-9FF469056594}.Debug|Any CPU.ActiveCfg = Debug|Any CPU
		{A7C4D6AB-B87A-4A4A-AE44-9FF469056594}.Debug|Any CPU.Build.0 = Debug|Any CPU
		{A7C4D6AB-B87A-4A4A-AE44-9FF469056594}.Release|Any CPU.ActiveCfg = Release|Any CPU
		{A7C4D6AB-B87A-4A4A-AE44-9FF469056594}.Release|Any CPU.Build.0 = Release|Any CPU
	EndGlobalSection
	GlobalSection(SolutionProperties) = preSolution
		HideSolutionNode = FALSE
	EndGlobalSection
	GlobalSection(ExtensibilityGlobals) = postSolution
		SolutionGuid = {C59244E8-052F-4FF1-8176-4BAEF4FA35BD}
	EndGlobalSection
EndGlobal
