
Microsoft Visual Studio Solution File, Format Version 12.00
# Visual Studio Version 17
VisualStudioVersion = 17.14.36623.8 d17.14
MinimumVisualStudioVersion = 10.0.40219.1
Project("{FAE04EC0-301F-11D3-BF4B-00C04F79EFBC}") = "Reservation", "Reservation.csproj", "{FED7248E-A475-4FB2-901C-FAD6BFD2A722}"
EndProject
Global
	GlobalSection(SolutionConfigurationPlatforms) = preSolution
		Debug|Any CPU = Debug|Any CPU
		Release|Any CPU = Release|Any CPU
	EndGlobalSection
	GlobalSection(ProjectConfigurationPlatforms) = postSolution
		{FED7248E-A475-4FB2-901C-FAD6BFD2A722}.Debug|Any CPU.ActiveCfg = Debug|Any CPU
		{FED7248E-A475-4FB2-901C-FAD6BFD2A722}.Debug|Any CPU.Build.0 = Debug|Any CPU
		{FED7248E-A475-4FB2-901C-FAD6BFD2A722}.Release|Any CPU.ActiveCfg = Release|Any CPU
		{FED7248E-A475-4FB2-901C-FAD6BFD2A722}.Release|Any CPU.Build.0 = Release|Any CPU
	EndGlobalSection
	GlobalSection(SolutionProperties) = preSolution
		HideSolutionNode = FALSE
	EndGlobalSection
	GlobalSection(ExtensibilityGlobals) = postSolution
		SolutionGuid = {C7C6DEA2-B825-4106-8A1B-42A35007F0C2}
	EndGlobalSection
EndGlobal
